# THIS IS AN AUTOGENERATED FILE. DO NOT EDIT THIS FILE DIRECTLY.
# yarn lockfile v1


"@babel/helper-validator-identifier@^7.14.5":
  version "7.14.5"
  resolved "https://registry.nlark.com/@babel/helper-validator-identifier/download/@babel/helper-validator-identifier-7.14.5.tgz?cache=0&sync_timestamp=1623280657721&other_urls=https%3A%2F%2Fregistry.nlark.com%2F%40babel%2Fhelper-validator-identifier%2Fdownload%2F%40babel%2Fhelper-validator-identifier-7.14.5.tgz#d0f0e277c512e0c938277faa85a3968c9a44c0e8"
  integrity sha1-0PDid8US4Mk4J3+qhaOWjJpEwOg=

"@babel/parser@^7.12.0":
  version "7.14.7"
  resolved "https://registry.nlark.com/@babel/parser/download/@babel/parser-7.14.7.tgz?cache=0&other_urls=https%3A%2F%2Fregistry.nlark.com%2F%40babel%2Fparser%2Fdownload%2F%40babel%2Fparser-7.14.7.tgz#6099720c8839ca865a2637e6c85852ead0bdb595"
  integrity sha1-YJlyDIg5yoZaJjfmyFhS6tC9tZU=

"@babel/types@^7.12.0":
  version "7.14.5"
  resolved "https://registry.nlark.com/@babel/types/download/@babel/types-7.14.5.tgz?cache=0&sync_timestamp=1623280847816&other_urls=https%3A%2F%2Fregistry.nlark.com%2F%40babel%2Ftypes%2Fdownload%2F%40babel%2Ftypes-7.14.5.tgz#3bb997ba829a2104cedb20689c4a5b8121d383ff"
  integrity sha1-O7mXuoKaIQTO2yBonEpbgSHTg/8=
  dependencies:
    "@babel/helper-validator-identifier" "^7.14.5"
    to-fast-properties "^2.0.0"

"@vue/compiler-core@3.1.4":
  version "3.1.4"
  resolved "https://registry.nlark.com/@vue/compiler-core/download/@vue/compiler-core-3.1.4.tgz#a3a74cf52e8f01af386d364ac8a099cbeb260424"
  integrity sha1-o6dM9S6PAa84bTZKyKCZy+smBCQ=
  dependencies:
    "@babel/parser" "^7.12.0"
    "@babel/types" "^7.12.0"
    "@vue/shared" "3.1.4"
    estree-walker "^2.0.1"
    source-map "^0.6.1"

"@vue/compiler-dom@3.1.4":
  version "3.1.4"
  resolved "https://registry.nlark.com/@vue/compiler-dom/download/@vue/compiler-dom-3.1.4.tgz#bf3795e1449f32c965d38c4ea6d808ca05fdfc97"
  integrity sha1-vzeV4USfMsll04xOptgIygX9/Jc=
  dependencies:
    "@vue/compiler-core" "3.1.4"
    "@vue/shared" "3.1.4"

"@vue/reactivity@3.1.4":
  version "3.1.4"
  resolved "https://registry.nlark.com/@vue/reactivity/download/@vue/reactivity-3.1.4.tgz?cache=0&sync_timestamp=1625229863815&other_urls=https%3A%2F%2Fregistry.nlark.com%2F%40vue%2Freactivity%2Fdownload%2F%40vue%2Freactivity-3.1.4.tgz#d926ed46fb0d48582ccf8665b062d37b5d35ba99"
  integrity sha1-2SbtRvsNSFgsz4ZlsGLTe101upk=
  dependencies:
    "@vue/shared" "3.1.4"

"@vue/runtime-core@3.1.4":
  version "3.1.4"
  resolved "https://registry.nlark.com/@vue/runtime-core/download/@vue/runtime-core-3.1.4.tgz?cache=0&sync_timestamp=1625229856469&other_urls=https%3A%2F%2Fregistry.nlark.com%2F%40vue%2Fruntime-core%2Fdownload%2F%40vue%2Fruntime-core-3.1.4.tgz#3e30ae6ecbfff06df5adc9414491143191a375ba"
  integrity sha1-PjCubsv/8G31rclBRJEUMZGjdbo=
  dependencies:
    "@vue/reactivity" "3.1.4"
    "@vue/shared" "3.1.4"

"@vue/runtime-dom@3.1.4":
  version "3.1.4"
  resolved "https://registry.nlark.com/@vue/runtime-dom/download/@vue/runtime-dom-3.1.4.tgz?cache=0&sync_timestamp=1625229856831&other_urls=https%3A%2F%2Fregistry.nlark.com%2F%40vue%2Fruntime-dom%2Fdownload%2F%40vue%2Fruntime-dom-3.1.4.tgz#acfeee200d5c45fc2cbdf7058cda1498f9b45849"
  integrity sha1-rP7uIA1cRfwsvfcFjNoUmPm0WEk=
  dependencies:
    "@vue/runtime-core" "3.1.4"
    "@vue/shared" "3.1.4"
    csstype "^2.6.8"

"@vue/shared@3.1.4":
  version "3.1.4"
  resolved "https://registry.nlark.com/@vue/shared/download/@vue/shared-3.1.4.tgz#c14c461ec42ea2c1556e86f60b0354341d91adc3"
  integrity sha1-wUxGHsQuosFVbob2CwNUNB2RrcM=

colorette@^1.2.2:
  version "1.2.2"
  resolved "https://registry.npm.taobao.org/colorette/download/colorette-1.2.2.tgz?cache=0&sync_timestamp=1614259647923&other_urls=https%3A%2F%2Fregistry.npm.taobao.org%2Fcolorette%2Fdownload%2Fcolorette-1.2.2.tgz#cbcc79d5e99caea2dbf10eb3a26fd8b3e6acfa94"
  integrity sha1-y8x51emcrqLb8Q6zom/Ys+as+pQ=

csstype@^2.6.8:
  version "2.6.17"
  resolved "https://registry.nlark.com/csstype/download/csstype-2.6.17.tgz#4cf30eb87e1d1a005d8b6510f95292413f6a1c0e"
  integrity sha1-TPMOuH4dGgBdi2UQ+VKSQT9qHA4=

esbuild@^0.12.8:
  version "0.12.15"
  resolved "https://registry.nlark.com/esbuild/download/esbuild-0.12.15.tgz?cache=0&sync_timestamp=1625545660518&other_urls=https%3A%2F%2Fregistry.nlark.com%2Fesbuild%2Fdownload%2Fesbuild-0.12.15.tgz#9d99cf39aeb2188265c5983e983e236829f08af0"
  integrity sha1-nZnPOa6yGIJlxZg+mD4jaCnwivA=

estree-walker@^2.0.1:
  version "2.0.2"
  resolved "https://registry.npm.taobao.org/estree-walker/download/estree-walker-2.0.2.tgz#52f010178c2a4c117a7757cfe942adb7d2da4cac"
  integrity sha1-UvAQF4wqTBF6d1fP6UKtt9LaTKw=

fsevents@~2.3.2:
  version "2.3.2"
  resolved "https://registry.npm.taobao.org/fsevents/download/fsevents-2.3.2.tgz#8a526f78b8fdf4623b709e0b975c52c24c02fd1a"
  integrity sha1-ilJveLj99GI7cJ4Ll1xSwkwC/Ro=

function-bind@^1.1.1:
  version "1.1.1"
  resolved "https://registry.npm.taobao.org/function-bind/download/function-bind-1.1.1.tgz#a56899d3ea3c9bab874bb9773b7c5ede92f4895d"
  integrity sha1-pWiZ0+o8m6uHS7l3O3xe3pL0iV0=

has@^1.0.3:
  version "1.0.3"
  resolved "https://registry.nlark.com/has/download/has-1.0.3.tgz?cache=0&sync_timestamp=1618847173393&other_urls=https%3A%2F%2Fregistry.nlark.com%2Fhas%2Fdownload%2Fhas-1.0.3.tgz#722d7cbfc1f6aa8241f16dd814e011e1f41e8796"
  integrity sha1-ci18v8H2qoJB8W3YFOAR4fQeh5Y=
  dependencies:
    function-bind "^1.1.1"

is-core-module@^2.2.0:
  version "2.5.0"
  resolved "https://registry.nlark.com/is-core-module/download/is-core-module-2.5.0.tgz#f754843617c70bfd29b7bd87327400cda5c18491"
  integrity sha1-91SENhfHC/0pt72HMnQAzaXBhJE=
  dependencies:
    has "^1.0.3"

nanoid@^3.1.23:
  version "3.1.23"
  resolved "https://registry.nlark.com/nanoid/download/nanoid-3.1.23.tgz#f744086ce7c2bc47ee0a8472574d5c78e4183a81"
  integrity sha1-90QIbOfCvEfuCoRyV01ceOQYOoE=

path-parse@^1.0.6:
  version "1.0.7"
  resolved "https://registry.nlark.com/path-parse/download/path-parse-1.0.7.tgz#fbc114b60ca42b30d9daf5858e4bd68bbedb6735"
  integrity sha1-+8EUtgykKzDZ2vWFjkvWi77bZzU=

postcss@^8.3.5:
  version "8.3.5"
  resolved "https://registry.nlark.com/postcss/download/postcss-8.3.5.tgz#982216b113412bc20a86289e91eb994952a5b709"
  integrity sha1-mCIWsRNBK8IKhiiekeuZSVKltwk=
  dependencies:
    colorette "^1.2.2"
    nanoid "^3.1.23"
    source-map-js "^0.6.2"

resolve@^1.20.0:
  version "1.20.0"
  resolved "https://registry.npm.taobao.org/resolve/download/resolve-1.20.0.tgz#629a013fb3f70755d6f0b7935cc1c2c5378b1975"
  integrity sha1-YpoBP7P3B1XW8LeTXMHCxTeLGXU=
  dependencies:
    is-core-module "^2.2.0"
    path-parse "^1.0.6"

rollup@^2.38.5:
  version "2.53.1"
  resolved "https://registry.nlark.com/rollup/download/rollup-2.53.1.tgz?cache=0&sync_timestamp=1625981849183&other_urls=https%3A%2F%2Fregistry.nlark.com%2Frollup%2Fdownload%2Frollup-2.53.1.tgz#b60439efd1eb41bdb56630509bd99aae78b575d3"
  integrity sha1-tgQ579HrQb21ZjBQm9marni1ddM=
  optionalDependencies:
    fsevents "~2.3.2"

source-map-js@^0.6.2:
  version "0.6.2"
  resolved "https://registry.nlark.com/source-map-js/download/source-map-js-0.6.2.tgz#0bb5de631b41cfbda6cfba8bd05a80efdfd2385e"
  integrity sha1-C7XeYxtBz72mz7qL0FqA79/SOF4=

source-map@^0.6.1:
  version "0.6.1"
  resolved "https://registry.npm.taobao.org/source-map/download/source-map-0.6.1.tgz#74722af32e9614e9c287a8d0bbde48b5e2f1a263"
  integrity sha1-dHIq8y6WFOnCh6jQu95IteLxomM=

to-fast-properties@^2.0.0:
  version "2.0.0"
  resolved "https://registry.nlark.com/to-fast-properties/download/to-fast-properties-2.0.0.tgz#dc5e698cbd079265bc73e0377681a4e4e83f616e"
  integrity sha1-3F5pjL0HkmW8c+A3doGk5Og/YW4=

vite@^2.3.7:
  version "2.4.2"
  resolved "https://registry.nlark.com/vite/download/vite-2.4.2.tgz#07d00615775c808530bc9f65641062b349b67929"
  integrity sha1-B9AGFXdcgIUwvJ9lZBBis0m2eSk=
  dependencies:
    esbuild "^0.12.8"
    postcss "^8.3.5"
    resolve "^1.20.0"
    rollup "^2.38.5"
  optionalDependencies:
    fsevents "~2.3.2"

vue@^3.1.1:
  version "3.1.4"
  resolved "https://registry.nlark.com/vue/download/vue-3.1.4.tgz#120d6818c51eaa35d0879e5bc1cff60135bc69fd"
  integrity sha1-Eg1oGMUeqjXQh55bwc/2ATW8af0=
  dependencies:
    "@vue/compiler-dom" "3.1.4"
    "@vue/runtime-dom" "3.1.4"
    "@vue/shared" "3.1.4"
