# THIS IS AN AUTOGENERATED FILE. DO NOT EDIT THIS FILE DIRECTLY.
# yarn lockfile v1


"@babel/helper-validator-identifier@^7.14.5":
  version "7.14.5"
  resolved "https://registry.nlark.com/@babel/helper-validator-identifier/download/@babel/helper-validator-identifier-7.14.5.tgz?cache=0&sync_timestamp=1623280410862&other_urls=https%3A%2F%2Fregistry.nlark.com%2F%40babel%2Fhelper-validator-identifier%2Fdownload%2F%40babel%2Fhelper-validator-identifier-7.14.5.tgz#d0f0e277c512e0c938277faa85a3968c9a44c0e8"
  integrity sha1-0PDid8US4Mk4J3+qhaOWjJpEwOg=

"@babel/parser@^7.12.0":
  version "7.14.5"
  resolved "https://registry.nlark.com/@babel/parser/download/@babel/parser-7.14.5.tgz?cache=0&sync_timestamp=1623280454729&other_urls=https%3A%2F%2Fregistry.nlark.com%2F%40babel%2Fparser%2Fdownload%2F%40babel%2Fparser-7.14.5.tgz#4cd2f346261061b2518873ffecdf1612cb032829"
  integrity sha1-TNLzRiYQYbJRiHP/7N8WEssDKCk=

"@babel/types@^7.12.0":
  version "7.14.5"
  resolved "https://registry.nlark.com/@babel/types/download/@babel/types-7.14.5.tgz#3bb997ba829a2104cedb20689c4a5b8121d383ff"
  integrity sha1-O7mXuoKaIQTO2yBonEpbgSHTg/8=
  dependencies:
    "@babel/helper-validator-identifier" "^7.14.5"
    to-fast-properties "^2.0.0"

"@vue/compiler-core@3.1.1":
  version "3.1.1"
  resolved "https://registry.nlark.com/@vue/compiler-core/download/@vue/compiler-core-3.1.1.tgz#4f2c5d70eabd454675714cc8bd2b97f6a8efb196"
  integrity sha1-TyxdcOq9RUZ1cUzIvSuX9qjvsZY=
  dependencies:
    "@babel/parser" "^7.12.0"
    "@babel/types" "^7.12.0"
    "@vue/shared" "3.1.1"
    estree-walker "^2.0.1"
    source-map "^0.6.1"

"@vue/compiler-dom@3.1.1":
  version "3.1.1"
  resolved "https://registry.nlark.com/@vue/compiler-dom/download/@vue/compiler-dom-3.1.1.tgz#ef60d856ac2ede5b2ad5c72a7a68122895e3d652"
  integrity sha1-72DYVqwu3lsq1ccqemgSKJXj1lI=
  dependencies:
    "@vue/compiler-core" "3.1.1"
    "@vue/shared" "3.1.1"

"@vue/reactivity@3.1.1":
  version "3.1.1"
  resolved "https://registry.nlark.com/@vue/reactivity/download/@vue/reactivity-3.1.1.tgz#9c02fd146a6c3b03e7d658b7cf76f4b69b0f98c8"
  integrity sha1-nAL9FGpsOwPn1li3z3b0tpsPmMg=
  dependencies:
    "@vue/shared" "3.1.1"

"@vue/runtime-core@3.1.1":
  version "3.1.1"
  resolved "https://registry.nlark.com/@vue/runtime-core/download/@vue/runtime-core-3.1.1.tgz#542110c09a643d7d80646a2f071aff6b324c4158"
  integrity sha1-VCEQwJpkPX2AZGovBxr/azJMQVg=
  dependencies:
    "@vue/reactivity" "3.1.1"
    "@vue/shared" "3.1.1"

"@vue/runtime-dom@3.1.1":
  version "3.1.1"
  resolved "https://registry.nlark.com/@vue/runtime-dom/download/@vue/runtime-dom-3.1.1.tgz#5539bbce132d29f6445b4964cb7b4164a89a5ce6"
  integrity sha1-VTm7zhMtKfZEW0lky3tBZKiaXOY=
  dependencies:
    "@vue/runtime-core" "3.1.1"
    "@vue/shared" "3.1.1"
    csstype "^2.6.8"

"@vue/shared@3.1.1":
  version "3.1.1"
  resolved "https://registry.nlark.com/@vue/shared/download/@vue/shared-3.1.1.tgz#2287cfc3dc20e5b20aeb65c2c3a56533bdca801c"
  integrity sha1-IofPw9wg5bIK62XCw6VlM73KgBw=

csstype@^2.6.8:
  version "2.6.17"
  resolved "https://registry.nlark.com/csstype/download/csstype-2.6.17.tgz?cache=0&sync_timestamp=1618818427821&other_urls=https%3A%2F%2Fregistry.nlark.com%2Fcsstype%2Fdownload%2Fcsstype-2.6.17.tgz#4cf30eb87e1d1a005d8b6510f95292413f6a1c0e"
  integrity sha1-TPMOuH4dGgBdi2UQ+VKSQT9qHA4=

estree-walker@^2.0.1:
  version "2.0.2"
  resolved "https://registry.nlark.com/estree-walker/download/estree-walker-2.0.2.tgz#52f010178c2a4c117a7757cfe942adb7d2da4cac"
  integrity sha1-UvAQF4wqTBF6d1fP6UKtt9LaTKw=

source-map@^0.6.1:
  version "0.6.1"
  resolved "https://registry.npm.taobao.org/source-map/download/source-map-0.6.1.tgz?cache=0&sync_timestamp=1593529658602&other_urls=https%3A%2F%2Fregistry.npm.taobao.org%2Fsource-map%2Fdownload%2Fsource-map-0.6.1.tgz#74722af32e9614e9c287a8d0bbde48b5e2f1a263"
  integrity sha1-dHIq8y6WFOnCh6jQu95IteLxomM=

to-fast-properties@^2.0.0:
  version "2.0.0"
  resolved "https://registry.nlark.com/to-fast-properties/download/to-fast-properties-2.0.0.tgz#dc5e698cbd079265bc73e0377681a4e4e83f616e"
  integrity sha1-3F5pjL0HkmW8c+A3doGk5Og/YW4=

vue@^3.1.1:
  version "3.1.1"
  resolved "https://registry.nlark.com/vue/download/vue-3.1.1.tgz#9ad655758a0fa6c0dee5b3d2431d3912a9b381aa"
  integrity sha1-mtZVdYoPpsDe5bPSQx05Eqmzgao=
  dependencies:
    "@vue/compiler-dom" "3.1.1"
    "@vue/runtime-dom" "3.1.1"
    "@vue/shared" "3.1.1"
